# This file is automatically @generated by Cargo.
# It is not intended for manual editing.
version = 4

[[package]]
name = "ballast-floor"
version = "0.1.0"
dependencies = [
 "ruint",
]

[[package]]
name = "floor-sbf-probe"
version = "0.1.0"
dependencies = [
 "ballast-floor",
]

[[package]]
name = "ruint"
version = "1.12.3"
source = "registry+https://github.com/rust-lang/crates.io-index"
checksum = "2c3cc4c2511671f327125da14133d0c5c5d137f006a1017a16f557bc85b16286"
dependencies = [
 "ruint-macro",
]

[[package]]
name = "ruint-macro"
version = "1.2.1"
source = "registry+https://github.com/rust-lang/crates.io-index"
checksum = "48fd7bd8a6377e15ad9d42a8ec25371b94ddc67abe7c8b9127bec79bebaaae18"
